
Microsoft Visual Studio Solution File, Format Version 12.00
# Visual Studio Version 17
VisualStudioVersion = 17.4.33205.214
MinimumVisualStudioVersion = 10.0.40219.1
Project("{9A19103F-16F7-4668-BE54-9A1E7A4F7556}") = "DistributedNMemoryCacheBase.API", "DistributedNMemoryCacheBase.API\DistributedNMemoryCacheBase.API.csproj", "{36CD2EAB-4093-4B2F-B4D4-8BFC37C44C24}"
EndProject
Project("{FAE04EC0-301F-11D3-BF4B-00C04F79EFBC}") = "DistributedNMemoryCacheBase.Core", "DistributedNMemoryCacheBase.Core\DistributedNMemoryCacheBase.Core.csproj", "{F8DD352D-9042-4E16-B40F-B83011554156}"
EndProject
Global
	GlobalSection(SolutionConfigurationPlatforms) = preSolution
		Debug|Any CPU = Debug|Any CPU
		Release|Any CPU = Release|Any CPU
	EndGlobalSection
	GlobalSection(ProjectConfigurationPlatforms) = postSolution
		{36CD2EAB-4093-4B2F-B4D4-8BFC37C44C24}.Debug|Any CPU.ActiveCfg = Debug|Any CPU
		{36CD2EAB-4093-4B2F-B4D4-8BFC37C44C24}.Debug|Any CPU.Build.0 = Debug|Any CPU
		{36CD2EAB-4093-4B2F-B4D4-8BFC37C44C24}.Release|Any CPU.ActiveCfg = Release|Any CPU
		{36CD2EAB-4093-4B2F-B4D4-8BFC37C44C24}.Release|Any CPU.Build.0 = Release|Any CPU
		{F8DD352D-9042-4E16-B40F-B83011554156}.Debug|Any CPU.ActiveCfg = Debug|Any CPU
		{F8DD352D-9042-4E16-B40F-B83011554156}.Debug|Any CPU.Build.0 = Debug|Any CPU
		{F8DD352D-9042-4E16-B40F-B83011554156}.Release|Any CPU.ActiveCfg = Release|Any CPU
		{F8DD352D-9042-4E16-B40F-B83011554156}.Release|Any CPU.Build.0 = Release|Any CPU
	EndGlobalSection
	GlobalSection(SolutionProperties) = preSolution
		HideSolutionNode = FALSE
	EndGlobalSection
	GlobalSection(ExtensibilityGlobals) = postSolution
		SolutionGuid = {27A4B67A-04AB-4391-9E80-B717655C41D6}
	EndGlobalSection
EndGlobal
